// !$*UTF8*$!
{
	archiveVersion = 1;
	classes = {
	};
	objectVersion = 46;
	objects = {

/* Begin PBXBuildFile section */
		2DBA1A6515F95B02EC1590BB /* json.swift in Sources */ = {isa = PBXBuildFile; fileRef = 2DBA18B5D69EFB8069BAB0A6 /* json.swift */; };
		FA10CA041AA4BDFC0018C2E4 /* main.swift in Sources */ = {isa = PBXBuildFile; fileRef = FA10CA031AA4BDFC0018C2E4 /* main.swift */; };
		FA1F67CB1AA4EE7800548178 /* utils.swift in Sources */ = {isa = PBXBuildFile; fileRef = FA1F67CA1AA4EE7800548178 /* utils.swift */; };
/* End PBXBuildFile section */

/* Begin PBXCopyFilesBuildPhase section */
		FA10C9FE1AA4BDFC0018C2E4 /* CopyFiles */ = {
			isa = PBXCopyFilesBuildPhase;
			buildActionMask = 2147483647;
			dstPath = /usr/share/man/man1/;
			dstSubfolderSpec = 0;
			files = (
			);
			runOnlyForDeploymentPostprocessing = 1;
		};
/* End PBXCopyFilesBuildPhase section */

/* Begin PBXFileReference section */
		2DBA18B5D69EFB8069BAB0A6 /* json.swift */ = {isa = PBXFileReference; fileEncoding = 4; lastKnownFileType = sourcecode.swift; path = json.swift; sourceTree = "<group>"; };
		FA10CA001AA4BDFC0018C2E4 /* helper */ = {isa = PBXFileReference; explicitFileType = "compiled.mach-o.executable"; includeInIndex = 0; path = helper; sourceTree = BUILT_PRODUCTS_DIR; };
		FA10CA031AA4BDFC0018C2E4 /* main.swift */ = {isa = PBXFileReference; lastKnownFileType = sourcecode.swift; path = main.swift; sourceTree = "<group>"; };
		FA1F67CA1AA4EE7800548178 /* utils.swift */ = {isa = PBXFileReference; fileEncoding = 4; lastKnownFileType = sourcecode.swift; path = utils.swift; sourceTree = "<group>"; };
/* End PBXFileReference section */

/* Begin PBXFrameworksBuildPhase section */
		FA10C9FD1AA4BDFC0018C2E4 /* Frameworks */ = {
			isa = PBXFrameworksBuildPhase;
			buildActionMask = 2147483647;
			files = (
			);
			runOnlyForDeploymentPostprocessing = 0;
		};
/* End PBXFrameworksBuildPhase section */

/* Begin PBXGroup section */
		FA10C9F71AA4BDFC0018C2E4 = {
			isa = PBXGroup;
			children = (
				FA10CA021AA4BDFC0018C2E4 /* helper */,
				FA10CA011AA4BDFC0018C2E4 /* Products */,
			);
			sourceTree = "<group>";
		};
		FA10CA011AA4BDFC0018C2E4 /* Products */ = {
			isa = PBXGroup;
			children = (
				FA10CA001AA4BDFC0018C2E4 /* helper */,
			);
			name = Products;
			sourceTree = "<group>";
		};
		FA10CA021AA4BDFC0018C2E4 /* helper */ = {
			isa = PBXGroup;
			children = (
				FA10CA031AA4BDFC0018C2E4 /* main.swift */,
				2DBA18B5D69EFB8069BAB0A6 /* json.swift */,
				FA1F67CA1AA4EE7800548178 /* utils.swift */,
			);
			path = helper;
			sourceTree = "<group>";
		};
/* End PBXGroup section */

/* Begin PBXNativeTarget section */
		FA10C9FF1AA4BDFC0018C2E4 /* helper */ = {
			isa = PBXNativeTarget;
			buildConfigurationList = FA10CA071AA4BDFC0018C2E4 /* Build configuration list for PBXNativeTarget "helper" */;
			buildPhases = (
				FA10C9FC1AA4BDFC0018C2E4 /* Sources */,
				FA10C9FD1AA4BDFC0018C2E4 /* Frameworks */,
				FA10C9FE1AA4BDFC0018C2E4 /* CopyFiles */,
			);
			buildRules = (
			);
			dependencies = (
			);
			name = helper;
			productName = helper;
			productReference = FA10CA001AA4BDFC0018C2E4 /* helper */;
			productType = "com.apple.product-type.tool";
		};
/* End PBXNativeTarget section */

/* Begin PBXProject section */
		FA10C9F81AA4BDFC0018C2E4 /* Project object */ = {
			isa = PBXProject;
			attributes = {
				LastUpgradeCheck = 0610;
				ORGANIZATIONNAME = DirectCode;
				TargetAttributes = {
					FA10C9FF1AA4BDFC0018C2E4 = {
						CreatedOnToolsVersion = 6.1.1;
					};
				};
			};
			buildConfigurationList = FA10C9FB1AA4BDFC0018C2E4 /* Build configuration list for PBXProject "helper" */;
			compatibilityVersion = "Xcode 3.2";
			developmentRegion = English;
			hasScannedForEncodings = 0;
			knownRegions = (
				en,
				Base,
			);
			mainGroup = FA10C9F71AA4BDFC0018C2E4;
			productRefGroup = FA10CA011AA4BDFC0018C2E4 /* Products */;
			projectDirPath = "";
			projectRoot = "";
			targets = (
				FA10C9FF1AA4BDFC0018C2E4 /* helper */,
			);
		};
/* End PBXProject section */

/* Begin PBXSourcesBuildPhase section */
		FA10C9FC1AA4BDFC0018C2E4 /* Sources */ = {
			isa = PBXSourcesBuildPhase;
			buildActionMask = 2147483647;
			files = (
				FA1F67CB1AA4EE7800548178 /* utils.swift in Sources */,
				FA10CA041AA4BDFC0018C2E4 /* main.swift in Sources */,
				2DBA1A6515F95B02EC1590BB /* json.swift in Sources */,
			);
			runOnlyForDeploymentPostprocessing = 0;
		};
/* End PBXSourcesBuildPhase section */

/* Begin XCBuildConfiguration section */
		FA10CA051AA4BDFC0018C2E4 /* Debug */ = {
			isa = XCBuildConfiguration;
			buildSettings = {
				ALWAYS_SEARCH_USER_PATHS = NO;
				CLANG_CXX_LANGUAGE_STANDARD = "gnu++0x";
				CLANG_CXX_LIBRARY = "libc++";
				CLANG_ENABLE_MODULES = YES;
				CLANG_ENABLE_OBJC_ARC = YES;
				CLANG_WARN_BOOL_CONVERSION = YES;
				CLANG_WARN_CONSTANT_CONVERSION = YES;
				CLANG_WARN_DIRECT_OBJC_ISA_USAGE = YES_ERROR;
				CLANG_WARN_EMPTY_BODY = YES;
				CLANG_WARN_ENUM_CONVERSION = YES;
				CLANG_WARN_INT_CONVERSION = YES;
				CLANG_WARN_OBJC_ROOT_CLASS = YES_ERROR;
				CLANG_WARN_UNREACHABLE_CODE = YES;
				CLANG_WARN__DUPLICATE_METHOD_MATCH = YES;
				COPY_PHASE_STRIP = NO;
				ENABLE_STRICT_OBJC_MSGSEND = YES;
				GCC_C_LANGUAGE_STANDARD = gnu99;
				GCC_DYNAMIC_NO_PIC = NO;
				GCC_OPTIMIZATION_LEVEL = 0;
				GCC_PREPROCESSOR_DEFINITIONS = (
					"DEBUG=1",
					"$(inherited)",
				);
				GCC_SYMBOLS_PRIVATE_EXTERN = NO;
				GCC_WARN_64_TO_32_BIT_CONVERSION = YES;
				GCC_WARN_ABOUT_RETURN_TYPE = YES_ERROR;
				GCC_WARN_UNDECLARED_SELECTOR = YES;
				GCC_WARN_UNINITIALIZED_AUTOS = YES_AGGRESSIVE;
				GCC_WARN_UNUSED_FUNCTION = YES;
				GCC_WARN_UNUSED_VARIABLE = YES;
				MACOSX_DEPLOYMENT_TARGET = 10.10;
				MTL_ENABLE_DEBUG_INFO = YES;
				ONLY_ACTIVE_ARCH = YES;
				SDKROOT = macosx;
				SWIFT_OPTIMIZATION_LEVEL = "-Onone";
			};
			name = Debug;
		};
		FA10CA061AA4BDFC0018C2E4 /* Release */ = {
			isa = XCBuildConfiguration;
			buildSettings = {
				ALWAYS_SEARCH_USER_PATHS = NO;
				CLANG_CXX_LANGUAGE_STANDARD = "gnu++0x";
				CLANG_CXX_LIBRARY = "libc++";
				CLANG_ENABLE_MODULES = YES;
				CLANG_ENABLE_OBJC_ARC = YES;
				CLANG_WARN_BOOL_CONVERSION = YES;
				CLANG_WARN_CONSTANT_CONVERSION = YES;
				CLANG_WARN_DIRECT_OBJC_ISA_USAGE = YES_ERROR;
				CLANG_WARN_EMPTY_BODY = YES;
				CLANG_WARN_ENUM_CONVERSION = YES;
				CLANG_WARN_INT_CONVERSION = YES;
				CLANG_WARN_OBJC_ROOT_CLASS = YES_ERROR;
				CLANG_WARN_UNREACHABLE_CODE = YES;
				CLANG_WARN__DUPLICATE_METHOD_MATCH = YES;
				COPY_PHASE_STRIP = YES;
				DEBUG_INFORMATION_FORMAT = "dwarf-with-dsym";
				ENABLE_NS_ASSERTIONS = NO;
				ENABLE_STRICT_OBJC_MSGSEND = YES;
				GCC_C_LANGUAGE_STANDARD = gnu99;
				GCC_WARN_64_TO_32_BIT_CONVERSION = YES;
				GCC_WARN_ABOUT_RETURN_TYPE = YES_ERROR;
				GCC_WARN_UNDECLARED_SELECTOR = YES;
				GCC_WARN_UNINITIALIZED_AUTOS = YES_AGGRESSIVE;
				GCC_WARN_UNUSED_FUNCTION = YES;
				GCC_WARN_UNUSED_VARIABLE = YES;
				MACOSX_DEPLOYMENT_TARGET = 10.10;
				MTL_ENABLE_DEBUG_INFO = NO;
				SDKROOT = macosx;
			};
			name = Release;
		};
		FA10CA081AA4BDFC0018C2E4 /* Debug */ = {
			isa = XCBuildConfiguration;
			buildSettings = {
				ARCHS = "$(ARCHS_STANDARD)";
				ONLY_ACTIVE_ARCH = NO;
				PRODUCT_NAME = "$(TARGET_NAME)";
			};
			name = Debug;
		};
		FA10CA091AA4BDFC0018C2E4 /* Release */ = {
			isa = XCBuildConfiguration;
			buildSettings = {
				ARCHS = "$(ARCHS_STANDARD)";
				ONLY_ACTIVE_ARCH = NO;
				PRODUCT_NAME = "$(TARGET_NAME)";
			};
			name = Release;
		};
/* End XCBuildConfiguration section */

/* Begin XCConfigurationList section */
		FA10C9FB1AA4BDFC0018C2E4 /* Build configuration list for PBXProject "helper" */ = {
			isa = XCConfigurationList;
			buildConfigurations = (
				FA10CA051AA4BDFC0018C2E4 /* Debug */,
				FA10CA061AA4BDFC0018C2E4 /* Release */,
			);
			defaultConfigurationIsVisible = 0;
			defaultConfigurationName = Release;
		};
		FA10CA071AA4BDFC0018C2E4 /* Build configuration list for PBXNativeTarget "helper" */ = {
			isa = XCConfigurationList;
			buildConfigurations = (
				FA10CA081AA4BDFC0018C2E4 /* Debug */,
				FA10CA091AA4BDFC0018C2E4 /* Release */,
			);
			defaultConfigurationIsVisible = 0;
			defaultConfigurationName = Release;
		};
/* End XCConfigurationList section */
	};
	rootObject = FA10C9F81AA4BDFC0018C2E4 /* Project object */;
}
